
Microsoft Visual Studio Solution File, Format Version 12.00
# Visual Studio Version 17
VisualStudioVersion = 17.9.34728.123
MinimumVisualStudioVersion = 10.0.40219.1
Project("{FAE04EC0-301F-11D3-BF4B-00C04F79EFBC}") = "PJT8", "PJT8.csproj", "{3CA1F187-FAA9-4AEB-85A9-549F5008D3B3}"
EndProject
Global
	GlobalSection(SolutionConfigurationPlatforms) = preSolution
		Debug|Any CPU = Debug|Any CPU
		Release|Any CPU = Release|Any CPU
	EndGlobalSection
	GlobalSection(ProjectConfigurationPlatforms) = postSolution
		{3CA1F187-FAA9-4AEB-85A9-549F5008D3B3}.Debug|Any CPU.ActiveCfg = Debug|Any CPU
		{3CA1F187-FAA9-4AEB-85A9-549F5008D3B3}.Debug|Any CPU.Build.0 = Debug|Any CPU
		{3CA1F187-FAA9-4AEB-85A9-549F5008D3B3}.Release|Any CPU.ActiveCfg = Release|Any CPU
		{3CA1F187-FAA9-4AEB-85A9-549F5008D3B3}.Release|Any CPU.Build.0 = Release|Any CPU
	EndGlobalSection
	GlobalSection(SolutionProperties) = preSolution
		HideSolutionNode = FALSE
	EndGlobalSection
	GlobalSection(ExtensibilityGlobals) = postSolution
		SolutionGuid = {85CF4C55-CD94-4894-8EAC-0D64003E3298}
	EndGlobalSection
EndGlobal
