
Microsoft Visual Studio Solution File, Format Version 12.00
# Visual Studio Version 17
VisualStudioVersion = 17.9.34728.123
MinimumVisualStudioVersion = 10.0.40219.1
Project("{FAE04EC0-301F-11D3-BF4B-00C04F79EFBC}") = "PJT6_21", "PJT6_21.csproj", "{B84C8745-9052-4721-B6F1-BBC8E13FC3E0}"
EndProject
Global
	GlobalSection(SolutionConfigurationPlatforms) = preSolution
		Debug|Any CPU = Debug|Any CPU
		Release|Any CPU = Release|Any CPU
	EndGlobalSection
	GlobalSection(ProjectConfigurationPlatforms) = postSolution
		{B84C8745-9052-4721-B6F1-BBC8E13FC3E0}.Debug|Any CPU.ActiveCfg = Debug|Any CPU
		{B84C8745-9052-4721-B6F1-BBC8E13FC3E0}.Debug|Any CPU.Build.0 = Debug|Any CPU
		{B84C8745-9052-4721-B6F1-BBC8E13FC3E0}.Release|Any CPU.ActiveCfg = Release|Any CPU
		{B84C8745-9052-4721-B6F1-BBC8E13FC3E0}.Release|Any CPU.Build.0 = Release|Any CPU
	EndGlobalSection
	GlobalSection(SolutionProperties) = preSolution
		HideSolutionNode = FALSE
	EndGlobalSection
	GlobalSection(ExtensibilityGlobals) = postSolution
		SolutionGuid = {36C9393E-2699-4DDB-960B-4DD4A641FFA5}
	EndGlobalSection
EndGlobal
