
Microsoft Visual Studio Solution File, Format Version 12.00
# Visual Studio Version 17
VisualStudioVersion = 17.9.34728.123
MinimumVisualStudioVersion = 10.0.40219.1
Project("{FAE04EC0-301F-11D3-BF4B-00C04F79EFBC}") = "PJT04_18", "PJT04_18.csproj", "{27377D71-9496-40E1-AD5F-9621FD7CEDDA}"
EndProject
Global
	GlobalSection(SolutionConfigurationPlatforms) = preSolution
		Debug|Any CPU = Debug|Any CPU
		Release|Any CPU = Release|Any CPU
	EndGlobalSection
	GlobalSection(ProjectConfigurationPlatforms) = postSolution
		{27377D71-9496-40E1-AD5F-9621FD7CEDDA}.Debug|Any CPU.ActiveCfg = Debug|Any CPU
		{27377D71-9496-40E1-AD5F-9621FD7CEDDA}.Debug|Any CPU.Build.0 = Debug|Any CPU
		{27377D71-9496-40E1-AD5F-9621FD7CEDDA}.Release|Any CPU.ActiveCfg = Release|Any CPU
		{27377D71-9496-40E1-AD5F-9621FD7CEDDA}.Release|Any CPU.Build.0 = Release|Any CPU
	EndGlobalSection
	GlobalSection(SolutionProperties) = preSolution
		HideSolutionNode = FALSE
	EndGlobalSection
	GlobalSection(ExtensibilityGlobals) = postSolution
		SolutionGuid = {57D94069-A025-4ACB-8BA5-C5F64EB132B8}
	EndGlobalSection
EndGlobal
