
Microsoft Visual Studio Solution File, Format Version 12.00
# Visual Studio Version 17
VisualStudioVersion = 17.9.34728.123
MinimumVisualStudioVersion = 10.0.40219.1
Project("{FAE04EC0-301F-11D3-BF4B-00C04F79EFBC}") = "PJT_Rainbow", "PJT_Rainbow.csproj", "{F847A7EB-4B87-4821-9DFA-2CC64EEF8751}"
EndProject
Global
	GlobalSection(SolutionConfigurationPlatforms) = preSolution
		Debug|Any CPU = Debug|Any CPU
		Release|Any CPU = Release|Any CPU
	EndGlobalSection
	GlobalSection(ProjectConfigurationPlatforms) = postSolution
		{F847A7EB-4B87-4821-9DFA-2CC64EEF8751}.Debug|Any CPU.ActiveCfg = Debug|Any CPU
		{F847A7EB-4B87-4821-9DFA-2CC64EEF8751}.Debug|Any CPU.Build.0 = Debug|Any CPU
		{F847A7EB-4B87-4821-9DFA-2CC64EEF8751}.Release|Any CPU.ActiveCfg = Release|Any CPU
		{F847A7EB-4B87-4821-9DFA-2CC64EEF8751}.Release|Any CPU.Build.0 = Release|Any CPU
	EndGlobalSection
	GlobalSection(SolutionProperties) = preSolution
		HideSolutionNode = FALSE
	EndGlobalSection
	GlobalSection(ExtensibilityGlobals) = postSolution
		SolutionGuid = {A706D9D6-2AE7-4547-9CAD-569B24256892}
	EndGlobalSection
EndGlobal
