
Microsoft Visual Studio Solution File, Format Version 12.00
# Visual Studio Version 17
VisualStudioVersion = 17.9.34728.123
MinimumVisualStudioVersion = 10.0.40219.1
Project("{FAE04EC0-301F-11D3-BF4B-00C04F79EFBC}") = "PJT_DICE", "PJT_DICE.csproj", "{92B8407B-269E-4323-A124-E970BF501200}"
EndProject
Global
	GlobalSection(SolutionConfigurationPlatforms) = preSolution
		Debug|Any CPU = Debug|Any CPU
		Release|Any CPU = Release|Any CPU
	EndGlobalSection
	GlobalSection(ProjectConfigurationPlatforms) = postSolution
		{92B8407B-269E-4323-A124-E970BF501200}.Debug|Any CPU.ActiveCfg = Debug|Any CPU
		{92B8407B-269E-4323-A124-E970BF501200}.Debug|Any CPU.Build.0 = Debug|Any CPU
		{92B8407B-269E-4323-A124-E970BF501200}.Release|Any CPU.ActiveCfg = Release|Any CPU
		{92B8407B-269E-4323-A124-E970BF501200}.Release|Any CPU.Build.0 = Release|Any CPU
	EndGlobalSection
	GlobalSection(SolutionProperties) = preSolution
		HideSolutionNode = FALSE
	EndGlobalSection
	GlobalSection(ExtensibilityGlobals) = postSolution
		SolutionGuid = {920BAE11-4C31-457C-AD95-8A429D804E38}
	EndGlobalSection
EndGlobal
