
Microsoft Visual Studio Solution File, Format Version 12.00
# Visual Studio Version 17
VisualStudioVersion = 17.9.34728.123
MinimumVisualStudioVersion = 10.0.40219.1
Project("{FAE04EC0-301F-11D3-BF4B-00C04F79EFBC}") = "project6", "project6.csproj", "{7A776813-58CA-4C3C-9907-7556E2EC8617}"
EndProject
Global
	GlobalSection(SolutionConfigurationPlatforms) = preSolution
		Debug|Any CPU = Debug|Any CPU
		Release|Any CPU = Release|Any CPU
	EndGlobalSection
	GlobalSection(ProjectConfigurationPlatforms) = postSolution
		{7A776813-58CA-4C3C-9907-7556E2EC8617}.Debug|Any CPU.ActiveCfg = Debug|Any CPU
		{7A776813-58CA-4C3C-9907-7556E2EC8617}.Debug|Any CPU.Build.0 = Debug|Any CPU
		{7A776813-58CA-4C3C-9907-7556E2EC8617}.Release|Any CPU.ActiveCfg = Release|Any CPU
		{7A776813-58CA-4C3C-9907-7556E2EC8617}.Release|Any CPU.Build.0 = Release|Any CPU
	EndGlobalSection
	GlobalSection(SolutionProperties) = preSolution
		HideSolutionNode = FALSE
	EndGlobalSection
	GlobalSection(ExtensibilityGlobals) = postSolution
		SolutionGuid = {97075187-0118-48BE-8BAA-6CF4135B826F}
	EndGlobalSection
EndGlobal
