
Microsoft Visual Studio Solution File, Format Version 12.00
# Visual Studio Version 17
VisualStudioVersion = 17.9.34728.123
MinimumVisualStudioVersion = 10.0.40219.1
Project("{FAE04EC0-301F-11D3-BF4B-00C04F79EFBC}") = "lastday", "lastday.csproj", "{56FC6023-A30A-4A84-BA6D-5578583F9F15}"
EndProject
Global
	GlobalSection(SolutionConfigurationPlatforms) = preSolution
		Debug|Any CPU = Debug|Any CPU
		Release|Any CPU = Release|Any CPU
	EndGlobalSection
	GlobalSection(ProjectConfigurationPlatforms) = postSolution
		{56FC6023-A30A-4A84-BA6D-5578583F9F15}.Debug|Any CPU.ActiveCfg = Debug|Any CPU
		{56FC6023-A30A-4A84-BA6D-5578583F9F15}.Debug|Any CPU.Build.0 = Debug|Any CPU
		{56FC6023-A30A-4A84-BA6D-5578583F9F15}.Release|Any CPU.ActiveCfg = Release|Any CPU
		{56FC6023-A30A-4A84-BA6D-5578583F9F15}.Release|Any CPU.Build.0 = Release|Any CPU
	EndGlobalSection
	GlobalSection(SolutionProperties) = preSolution
		HideSolutionNode = FALSE
	EndGlobalSection
	GlobalSection(ExtensibilityGlobals) = postSolution
		SolutionGuid = {B1AD888C-D500-4651-BDAD-5C3B1AAAB251}
	EndGlobalSection
EndGlobal
