
Microsoft Visual Studio Solution File, Format Version 12.00
# Visual Studio Version 17
VisualStudioVersion = 17.9.34728.123
MinimumVisualStudioVersion = 10.0.40219.1
Project("{FAE04EC0-301F-11D3-BF4B-00C04F79EFBC}") = "PJT7", "PJT7.csproj", "{A57111F4-3105-4980-B077-C4A55FD22890}"
EndProject
Global
	GlobalSection(SolutionConfigurationPlatforms) = preSolution
		Debug|Any CPU = Debug|Any CPU
		Release|Any CPU = Release|Any CPU
	EndGlobalSection
	GlobalSection(ProjectConfigurationPlatforms) = postSolution
		{A57111F4-3105-4980-B077-C4A55FD22890}.Debug|Any CPU.ActiveCfg = Debug|Any CPU
		{A57111F4-3105-4980-B077-C4A55FD22890}.Debug|Any CPU.Build.0 = Debug|Any CPU
		{A57111F4-3105-4980-B077-C4A55FD22890}.Release|Any CPU.ActiveCfg = Release|Any CPU
		{A57111F4-3105-4980-B077-C4A55FD22890}.Release|Any CPU.Build.0 = Release|Any CPU
	EndGlobalSection
	GlobalSection(SolutionProperties) = preSolution
		HideSolutionNode = FALSE
	EndGlobalSection
	GlobalSection(ExtensibilityGlobals) = postSolution
		SolutionGuid = {926916D3-D4AA-4045-A825-140BD6B7C832}
	EndGlobalSection
EndGlobal
