
Microsoft Visual Studio Solution File, Format Version 12.00
# Visual Studio Version 17
VisualStudioVersion = 17.9.34728.123
MinimumVisualStudioVersion = 10.0.40219.1
Project("{FAE04EC0-301F-11D3-BF4B-00C04F79EFBC}") = "WindowsFormsApp1", "WindowsFormsApp1.csproj", "{AA22873B-23DB-448E-8A89-6BD8F3056172}"
EndProject
Global
	GlobalSection(SolutionConfigurationPlatforms) = preSolution
		Debug|Any CPU = Debug|Any CPU
		Release|Any CPU = Release|Any CPU
	EndGlobalSection
	GlobalSection(ProjectConfigurationPlatforms) = postSolution
		{AA22873B-23DB-448E-8A89-6BD8F3056172}.Debug|Any CPU.ActiveCfg = Debug|Any CPU
		{AA22873B-23DB-448E-8A89-6BD8F3056172}.Debug|Any CPU.Build.0 = Debug|Any CPU
		{AA22873B-23DB-448E-8A89-6BD8F3056172}.Release|Any CPU.ActiveCfg = Release|Any CPU
		{AA22873B-23DB-448E-8A89-6BD8F3056172}.Release|Any CPU.Build.0 = Release|Any CPU
	EndGlobalSection
	GlobalSection(SolutionProperties) = preSolution
		HideSolutionNode = FALSE
	EndGlobalSection
	GlobalSection(ExtensibilityGlobals) = postSolution
		SolutionGuid = {1DD70C59-3908-47E2-A1A6-DD019379EAB8}
	EndGlobalSection
EndGlobal
