
Microsoft Visual Studio Solution File, Format Version 12.00
# Visual Studio Version 17
VisualStudioVersion = 17.9.34728.123
MinimumVisualStudioVersion = 10.0.40219.1
Project("{FAE04EC0-301F-11D3-BF4B-00C04F79EFBC}") = "First", "First.csproj", "{A72DCF1E-404C-4E67-8286-D6E1707BA719}"
EndProject
Global
	GlobalSection(SolutionConfigurationPlatforms) = preSolution
		Debug|Any CPU = Debug|Any CPU
		Release|Any CPU = Release|Any CPU
	EndGlobalSection
	GlobalSection(ProjectConfigurationPlatforms) = postSolution
		{A72DCF1E-404C-4E67-8286-D6E1707BA719}.Debug|Any CPU.ActiveCfg = Debug|Any CPU
		{A72DCF1E-404C-4E67-8286-D6E1707BA719}.Debug|Any CPU.Build.0 = Debug|Any CPU
		{A72DCF1E-404C-4E67-8286-D6E1707BA719}.Release|Any CPU.ActiveCfg = Release|Any CPU
		{A72DCF1E-404C-4E67-8286-D6E1707BA719}.Release|Any CPU.Build.0 = Release|Any CPU
	EndGlobalSection
	GlobalSection(SolutionProperties) = preSolution
		HideSolutionNode = FALSE
	EndGlobalSection
	GlobalSection(ExtensibilityGlobals) = postSolution
		SolutionGuid = {D9C86BDB-FC5C-44EE-BC02-7BF7DEA59383}
	EndGlobalSection
EndGlobal
